// !$*UTF8*$!
{
	archiveVersion = 1;
	classes = {
	};
	objectVersion = 56;
	objects = {

/* Begin PBXBuildFile section */
		8D25DB972BADDEAF00468B3F /* MyDetailsModel.swift in Sources */ = {isa = PBXBuildFile; fileRef = 8D25DB962BADDEAF00468B3F /* MyDetailsModel.swift */; };
		8D25DB9A2BADE04300468B3F /* MyDetailsVC.swift in Sources */ = {isa = PBXBuildFile; fileRef = 8D25DB992BADE04300468B3F /* MyDetailsVC.swift */; };
		8D263DFF2BB3DF40007BE172 /* UIView+Extension.swift in Sources */ = {isa = PBXBuildFile; fileRef = 8D263DFE2BB3DF40007BE172 /* UIView+Extension.swift */; };
		8D263E022BB3DFFC007BE172 /* LoginScreenVC.swift in Sources */ = {isa = PBXBuildFile; fileRef = 8D263E012BB3DFFC007BE172 /* LoginScreenVC.swift */; };
		8D263E042BB3E127007BE172 /* LoginScreenVC+CustomMethods.swift in Sources */ = {isa = PBXBuildFile; fileRef = 8D263E032BB3E127007BE172 /* LoginScreenVC+CustomMethods.swift */; };
		8D38CA192BA95D980049D11F /* AppDelegate.swift in Sources */ = {isa = PBXBuildFile; fileRef = 8D38CA182BA95D980049D11F /* AppDelegate.swift */; };
		8D38CA1B2BA95D980049D11F /* SceneDelegate.swift in Sources */ = {isa = PBXBuildFile; fileRef = 8D38CA1A2BA95D980049D11F /* SceneDelegate.swift */; };
		8D38CA1D2BA95D980049D11F /* ViewController.swift in Sources */ = {isa = PBXBuildFile; fileRef = 8D38CA1C2BA95D980049D11F /* ViewController.swift */; };
		8D38CA202BA95D980049D11F /* Base in Resources */ = {isa = PBXBuildFile; fileRef = 8D38CA1F2BA95D980049D11F /* Base */; };
		8D38CA222BA95D9A0049D11F /* Assets.xcassets in Resources */ = {isa = PBXBuildFile; fileRef = 8D38CA212BA95D9A0049D11F /* Assets.xcassets */; };
		8D38CA252BA95D9A0049D11F /* Base in Resources */ = {isa = PBXBuildFile; fileRef = 8D38CA242BA95D9A0049D11F /* Base */; };
		8D38CA322BA95F830049D11F /* Home.storyboard in Resources */ = {isa = PBXBuildFile; fileRef = 8D38CA312BA95F830049D11F /* Home.storyboard */; };
		8D38CA342BA9637D0049D11F /* LoginVC.swift in Sources */ = {isa = PBXBuildFile; fileRef = 8D38CA332BA9637D0049D11F /* LoginVC.swift */; };
		8D38CA362BA978D90049D11F /* LoginVC+CustomMethods.swift in Sources */ = {isa = PBXBuildFile; fileRef = 8D38CA352BA978D90049D11F /* LoginVC+CustomMethods.swift */; };
		8D4130332BAE9ABB00B86223 /* PhotoDetailsModelClass.swift in Sources */ = {isa = PBXBuildFile; fileRef = 8D4130322BAE9ABB00B86223 /* PhotoDetailsModelClass.swift */; };
		8D4130362BAE9BE300B86223 /* PhotoGallaryVC.swift in Sources */ = {isa = PBXBuildFile; fileRef = 8D4130352BAE9BE300B86223 /* PhotoGallaryVC.swift */; };
		8D4130392BAEA4BE00B86223 /* PhotoGallaryCollectionViewCell.swift in Sources */ = {isa = PBXBuildFile; fileRef = 8D4130372BAEA4BE00B86223 /* PhotoGallaryCollectionViewCell.swift */; };
		8D41303A2BAEA4BE00B86223 /* PhotoGallaryCollectionViewCell.xib in Resources */ = {isa = PBXBuildFile; fileRef = 8D4130382BAEA4BE00B86223 /* PhotoGallaryCollectionViewCell.xib */; };
		8D52D6222BAC48F2008CDB32 /* AstrotalkLoginVC.swift in Sources */ = {isa = PBXBuildFile; fileRef = 8D52D6212BAC48F2008CDB32 /* AstrotalkLoginVC.swift */; };
		8D52D6242BAC49AA008CDB32 /* AstrotalkLoginVC+CustomMethods.swift in Sources */ = {isa = PBXBuildFile; fileRef = 8D52D6232BAC49AA008CDB32 /* AstrotalkLoginVC+CustomMethods.swift */; };
		8D6225CB2BABCEBF00B58896 /* SignUpVC.swift in Sources */ = {isa = PBXBuildFile; fileRef = 8D6225CA2BABCEBF00B58896 /* SignUpVC.swift */; };
		8D6225CF2BABCF3900B58896 /* SignUpVC+CustomMethods.swift in Sources */ = {isa = PBXBuildFile; fileRef = 8D6225CE2BABCF3800B58896 /* SignUpVC+CustomMethods.swift */; };
		8D65D5BC2BACAD9D007FF9B0 /* AstrotalkSignUpVC.swift in Sources */ = {isa = PBXBuildFile; fileRef = 8D65D5BB2BACAD9D007FF9B0 /* AstrotalkSignUpVC.swift */; };
		8D65D5BE2BACADB6007FF9B0 /* AstrotalkSignUpVC+CustomMethods.swift in Sources */ = {isa = PBXBuildFile; fileRef = 8D65D5BD2BACADB6007FF9B0 /* AstrotalkSignUpVC+CustomMethods.swift */; };
		8DB0711F2BB7B6D300D5B7F0 /* HomePage.swift in Sources */ = {isa = PBXBuildFile; fileRef = 8DB0711E2BB7B6D300D5B7F0 /* HomePage.swift */; };
		8DB071212BB7B74000D5B7F0 /* GamePage.swift in Sources */ = {isa = PBXBuildFile; fileRef = 8DB071202BB7B74000D5B7F0 /* GamePage.swift */; };
		8DB071232BB7B75800D5B7F0 /* SettingsPage.swift in Sources */ = {isa = PBXBuildFile; fileRef = 8DB071222BB7B75800D5B7F0 /* SettingsPage.swift */; };
		8DB071252BB7B77500D5B7F0 /* AppsPage.swift in Sources */ = {isa = PBXBuildFile; fileRef = 8DB071242BB7B77500D5B7F0 /* AppsPage.swift */; };
		8DB071272BB7B7AB00D5B7F0 /* AppleTVPage.swift in Sources */ = {isa = PBXBuildFile; fileRef = 8DB071262BB7B7AB00D5B7F0 /* AppleTVPage.swift */; };
		8DE5698D2BB97A600043AA40 /* SideMenuPageVC.swift in Sources */ = {isa = PBXBuildFile; fileRef = 8DE5698C2BB97A600043AA40 /* SideMenuPageVC.swift */; };
		8DE5698F2BB985E00043AA40 /* HomePageVC.swift in Sources */ = {isa = PBXBuildFile; fileRef = 8DE5698E2BB985E00043AA40 /* HomePageVC.swift */; };
		8DE569912BB988F90043AA40 /* HomePageVC+CustomMethods.swift in Sources */ = {isa = PBXBuildFile; fileRef = 8DE569902BB988F90043AA40 /* HomePageVC+CustomMethods.swift */; };
		8DE569932BB98CCF0043AA40 /* SideMenuPageVC+CustomMethods.swift in Sources */ = {isa = PBXBuildFile; fileRef = 8DE569922BB98CCF0043AA40 /* SideMenuPageVC+CustomMethods.swift */; };
		8DE83A152BB913B900A9AF78 /* LoginViewC.swift in Sources */ = {isa = PBXBuildFile; fileRef = 8DE83A0D2BB913B900A9AF78 /* LoginViewC.swift */; };
		8DE83A162BB913B900A9AF78 /* LoginViewC+CustomMethods.swift in Sources */ = {isa = PBXBuildFile; fileRef = 8DE83A0E2BB913B900A9AF78 /* LoginViewC+CustomMethods.swift */; };
		8DE83A172BB913B900A9AF78 /* SignupViewC.swift in Sources */ = {isa = PBXBuildFile; fileRef = 8DE83A0F2BB913B900A9AF78 /* SignupViewC.swift */; };
		8DE83A182BB913B900A9AF78 /* SignupViewC+CustomMethods.swift in Sources */ = {isa = PBXBuildFile; fileRef = 8DE83A102BB913B900A9AF78 /* SignupViewC+CustomMethods.swift */; };
		8DE83A192BB913BA00A9AF78 /* GetStartedViewC.swift in Sources */ = {isa = PBXBuildFile; fileRef = 8DE83A122BB913B900A9AF78 /* GetStartedViewC.swift */; };
		8DE83A1A2BB913BA00A9AF78 /* GetStartedViewC+CustomMethods.swift in Sources */ = {isa = PBXBuildFile; fileRef = 8DE83A132BB913B900A9AF78 /* GetStartedViewC+CustomMethods.swift */; };
/* End PBXBuildFile section */

/* Begin PBXFileReference section */
		8D25DB962BADDEAF00468B3F /* MyDetailsModel.swift */ = {isa = PBXFileReference; lastKnownFileType = sourcecode.swift; path = MyDetailsModel.swift; sourceTree = "<group>"; };
		8D25DB992BADE04300468B3F /* MyDetailsVC.swift */ = {isa = PBXFileReference; lastKnownFileType = sourcecode.swift; path = MyDetailsVC.swift; sourceTree = "<group>"; };
		8D263DFE2BB3DF40007BE172 /* UIView+Extension.swift */ = {isa = PBXFileReference; lastKnownFileType = sourcecode.swift; path = "UIView+Extension.swift"; sourceTree = "<group>"; };
		8D263E012BB3DFFC007BE172 /* LoginScreenVC.swift */ = {isa = PBXFileReference; lastKnownFileType = sourcecode.swift; path = LoginScreenVC.swift; sourceTree = "<group>"; };
		8D263E032BB3E127007BE172 /* LoginScreenVC+CustomMethods.swift */ = {isa = PBXFileReference; lastKnownFileType = sourcecode.swift; path = "LoginScreenVC+CustomMethods.swift"; sourceTree = "<group>"; };
		8D38CA152BA95D980049D11F /* FoodPie_LoginScreenDesign_iOS_UIKit.app */ = {isa = PBXFileReference; explicitFileType = wrapper.application; includeInIndex = 0; path = FoodPie_LoginScreenDesign_iOS_UIKit.app; sourceTree = BUILT_PRODUCTS_DIR; };
		8D38CA182BA95D980049D11F /* AppDelegate.swift */ = {isa = PBXFileReference; lastKnownFileType = sourcecode.swift; path = AppDelegate.swift; sourceTree = "<group>"; };
		8D38CA1A2BA95D980049D11F /* SceneDelegate.swift */ = {isa = PBXFileReference; lastKnownFileType = sourcecode.swift; path = SceneDelegate.swift; sourceTree = "<group>"; };
		8D38CA1C2BA95D980049D11F /* ViewController.swift */ = {isa = PBXFileReference; lastKnownFileType = sourcecode.swift; path = ViewController.swift; sourceTree = "<group>"; };
		8D38CA1F2BA95D980049D11F /* Base */ = {isa = PBXFileReference; lastKnownFileType = file.storyboard; name = Base; path = Base.lproj/Main.storyboard; sourceTree = "<group>"; };
		8D38CA212BA95D9A0049D11F /* Assets.xcassets */ = {isa = PBXFileReference; lastKnownFileType = folder.assetcatalog; path = Assets.xcassets; sourceTree = "<group>"; };
		8D38CA242BA95D9A0049D11F /* Base */ = {isa = PBXFileReference; lastKnownFileType = file.storyboard; name = Base; path = Base.lproj/LaunchScreen.storyboard; sourceTree = "<group>"; };
		8D38CA262BA95D9A0049D11F /* Info.plist */ = {isa = PBXFileReference; lastKnownFileType = text.plist.xml; path = Info.plist; sourceTree = "<group>"; };
		8D38CA312BA95F830049D11F /* Home.storyboard */ = {isa = PBXFileReference; lastKnownFileType = file.storyboard; path = Home.storyboard; sourceTree = "<group>"; };
		8D38CA332BA9637D0049D11F /* LoginVC.swift */ = {isa = PBXFileReference; lastKnownFileType = sourcecode.swift; path = LoginVC.swift; sourceTree = "<group>"; };
		8D38CA352BA978D90049D11F /* LoginVC+CustomMethods.swift */ = {isa = PBXFileReference; lastKnownFileType = sourcecode.swift; path = "LoginVC+CustomMethods.swift"; sourceTree = "<group>"; };
		8D4130322BAE9ABB00B86223 /* PhotoDetailsModelClass.swift */ = {isa = PBXFileReference; lastKnownFileType = sourcecode.swift; path = PhotoDetailsModelClass.swift; sourceTree = "<group>"; };
		8D4130352BAE9BE300B86223 /* PhotoGallaryVC.swift */ = {isa = PBXFileReference; lastKnownFileType = sourcecode.swift; path = PhotoGallaryVC.swift; sourceTree = "<group>"; };
		8D4130372BAEA4BE00B86223 /* PhotoGallaryCollectionViewCell.swift */ = {isa = PBXFileReference; lastKnownFileType = sourcecode.swift; path = PhotoGallaryCollectionViewCell.swift; sourceTree = "<group>"; };
		8D4130382BAEA4BE00B86223 /* PhotoGallaryCollectionViewCell.xib */ = {isa = PBXFileReference; lastKnownFileType = file.xib; path = PhotoGallaryCollectionViewCell.xib; sourceTree = "<group>"; };
		8D52D6212BAC48F2008CDB32 /* AstrotalkLoginVC.swift */ = {isa = PBXFileReference; lastKnownFileType = sourcecode.swift; path = AstrotalkLoginVC.swift; sourceTree = "<group>"; };
		8D52D6232BAC49AA008CDB32 /* AstrotalkLoginVC+CustomMethods.swift */ = {isa = PBXFileReference; lastKnownFileType = sourcecode.swift; path = "AstrotalkLoginVC+CustomMethods.swift"; sourceTree = "<group>"; };
		8D6225CA2BABCEBF00B58896 /* SignUpVC.swift */ = {isa = PBXFileReference; lastKnownFileType = sourcecode.swift; path = SignUpVC.swift; sourceTree = "<group>"; };
		8D6225CE2BABCF3800B58896 /* SignUpVC+CustomMethods.swift */ = {isa = PBXFileReference; lastKnownFileType = sourcecode.swift; path = "SignUpVC+CustomMethods.swift"; sourceTree = "<group>"; };
		8D65D5BB2BACAD9D007FF9B0 /* AstrotalkSignUpVC.swift */ = {isa = PBXFileReference; lastKnownFileType = sourcecode.swift; path = AstrotalkSignUpVC.swift; sourceTree = "<group>"; };
		8D65D5BD2BACADB6007FF9B0 /* AstrotalkSignUpVC+CustomMethods.swift */ = {isa = PBXFileReference; lastKnownFileType = sourcecode.swift; path = "AstrotalkSignUpVC+CustomMethods.swift"; sourceTree = "<group>"; };
		8DB0711E2BB7B6D300D5B7F0 /* HomePage.swift */ = {isa = PBXFileReference; lastKnownFileType = sourcecode.swift; path = HomePage.swift; sourceTree = "<group>"; };
		8DB071202BB7B74000D5B7F0 /* GamePage.swift */ = {isa = PBXFileReference; lastKnownFileType = sourcecode.swift; path = GamePage.swift; sourceTree = "<group>"; };
		8DB071222BB7B75800D5B7F0 /* SettingsPage.swift */ = {isa = PBXFileReference; lastKnownFileType = sourcecode.swift; path = SettingsPage.swift; sourceTree = "<group>"; };
		8DB071242BB7B77500D5B7F0 /* AppsPage.swift */ = {isa = PBXFileReference; lastKnownFileType = sourcecode.swift; path = AppsPage.swift; sourceTree = "<group>"; };
		8DB071262BB7B7AB00D5B7F0 /* AppleTVPage.swift */ = {isa = PBXFileReference; lastKnownFileType = sourcecode.swift; path = AppleTVPage.swift; sourceTree = "<group>"; };
		8DE5698C2BB97A600043AA40 /* SideMenuPageVC.swift */ = {isa = PBXFileReference; lastKnownFileType = sourcecode.swift; path = SideMenuPageVC.swift; sourceTree = "<group>"; };
		8DE5698E2BB985E00043AA40 /* HomePageVC.swift */ = {isa = PBXFileReference; lastKnownFileType = sourcecode.swift; path = HomePageVC.swift; sourceTree = "<group>"; };
		8DE569902BB988F90043AA40 /* HomePageVC+CustomMethods.swift */ = {isa = PBXFileReference; lastKnownFileType = sourcecode.swift; path = "HomePageVC+CustomMethods.swift"; sourceTree = "<group>"; };
		8DE569922BB98CCF0043AA40 /* SideMenuPageVC+CustomMethods.swift */ = {isa = PBXFileReference; lastKnownFileType = sourcecode.swift; path = "SideMenuPageVC+CustomMethods.swift"; sourceTree = "<group>"; };
		8DE83A0D2BB913B900A9AF78 /* LoginViewC.swift */ = {isa = PBXFileReference; fileEncoding = 4; lastKnownFileType = sourcecode.swift; path = LoginViewC.swift; sourceTree = "<group>"; };
		8DE83A0E2BB913B900A9AF78 /* LoginViewC+CustomMethods.swift */ = {isa = PBXFileReference; fileEncoding = 4; lastKnownFileType = sourcecode.swift; path = "LoginViewC+CustomMethods.swift"; sourceTree = "<group>"; };
		8DE83A0F2BB913B900A9AF78 /* SignupViewC.swift */ = {isa = PBXFileReference; fileEncoding = 4; lastKnownFileType = sourcecode.swift; path = SignupViewC.swift; sourceTree = "<group>"; };
		8DE83A102BB913B900A9AF78 /* SignupViewC+CustomMethods.swift */ = {isa = PBXFileReference; fileEncoding = 4; lastKnownFileType = sourcecode.swift; path = "SignupViewC+CustomMethods.swift"; sourceTree = "<group>"; };
		8DE83A122BB913B900A9AF78 /* GetStartedViewC.swift */ = {isa = PBXFileReference; fileEncoding = 4; lastKnownFileType = sourcecode.swift; path = GetStartedViewC.swift; sourceTree = "<group>"; };
		8DE83A132BB913B900A9AF78 /* GetStartedViewC+CustomMethods.swift */ = {isa = PBXFileReference; fileEncoding = 4; lastKnownFileType = sourcecode.swift; path = "GetStartedViewC+CustomMethods.swift"; sourceTree = "<group>"; };
/* End PBXFileReference section */

/* Begin PBXFrameworksBuildPhase section */
		8D38CA122BA95D980049D11F /* Frameworks */ = {
			isa = PBXFrameworksBuildPhase;
			buildActionMask = 2147483647;
			files = (
			);
			runOnlyForDeploymentPostprocessing = 0;
		};
/* End PBXFrameworksBuildPhase section */

/* Begin PBXGroup section */
		8D25DB952BADDE7B00468B3F /* ModelClasses */ = {
			isa = PBXGroup;
			children = (
				8D3779B22BB2A8DE0045E1CB /* PhotoGallaryModelClass */,
				8D3779B12BB2A8C40045E1CB /* PersonalDetailsModelClass */,
			);
			path = ModelClasses;
			sourceTree = "<group>";
		};
		8D25DB982BADE02300468B3F /* MyDetailsVC */ = {
			isa = PBXGroup;
			children = (
				8D25DB992BADE04300468B3F /* MyDetailsVC.swift */,
			);
			path = MyDetailsVC;
			sourceTree = "<group>";
		};
		8D263E002BB3DFC0007BE172 /* AstroTalkORGControllers */ = {
			isa = PBXGroup;
			children = (
				8D263E012BB3DFFC007BE172 /* LoginScreenVC.swift */,
				8D263E032BB3E127007BE172 /* LoginScreenVC+CustomMethods.swift */,
			);
			path = AstroTalkORGControllers;
			sourceTree = "<group>";
		};
		8D3779B12BB2A8C40045E1CB /* PersonalDetailsModelClass */ = {
			isa = PBXGroup;
			children = (
				8D25DB962BADDEAF00468B3F /* MyDetailsModel.swift */,
			);
			path = PersonalDetailsModelClass;
			sourceTree = "<group>";
		};
		8D3779B22BB2A8DE0045E1CB /* PhotoGallaryModelClass */ = {
			isa = PBXGroup;
			children = (
				8D4130322BAE9ABB00B86223 /* PhotoDetailsModelClass.swift */,
			);
			path = PhotoGallaryModelClass;
			sourceTree = "<group>";
		};
		8D38CA0C2BA95D980049D11F = {
			isa = PBXGroup;
			children = (
				8D38CA172BA95D980049D11F /* FoodPie_LoginScreenDesign_iOS_UIKit */,
				8D38CA162BA95D980049D11F /* Products */,
			);
			sourceTree = "<group>";
		};
		8D38CA162BA95D980049D11F /* Products */ = {
			isa = PBXGroup;
			children = (
				8D38CA152BA95D980049D11F /* FoodPie_LoginScreenDesign_iOS_UIKit.app */,
			);
			name = Products;
			sourceTree = "<group>";
		};
		8D38CA172BA95D980049D11F /* FoodPie_LoginScreenDesign_iOS_UIKit */ = {
			isa = PBXGroup;
			children = (
				8D38CA2C2BA95E000049D11F /* SystemFiles */,
				8D25DB952BADDE7B00468B3F /* ModelClasses */,
				8D38CA2F2BA95E350049D11F /* Controllers */,
				8D6225D02BABDE9E00B58896 /* CommonFiles */,
				8D38CA2D2BA95E1A0049D11F /* Storyboards */,
				8D38CA2E2BA95E250049D11F /* Assets */,
				8D38CA262BA95D9A0049D11F /* Info.plist */,
			);
			path = FoodPie_LoginScreenDesign_iOS_UIKit;
			sourceTree = "<group>";
		};
		8D38CA2C2BA95E000049D11F /* SystemFiles */ = {
			isa = PBXGroup;
			children = (
				8D38CA182BA95D980049D11F /* AppDelegate.swift */,
				8D38CA1A2BA95D980049D11F /* SceneDelegate.swift */,
				8D38CA1C2BA95D980049D11F /* ViewController.swift */,
			);
			path = SystemFiles;
			sourceTree = "<group>";
		};
		8D38CA2D2BA95E1A0049D11F /* Storyboards */ = {
			isa = PBXGroup;
			children = (
				8D38CA1E2BA95D980049D11F /* Main.storyboard */,
				8D38CA232BA95D9A0049D11F /* LaunchScreen.storyboard */,
				8D38CA312BA95F830049D11F /* Home.storyboard */,
			);
			path = Storyboards;
			sourceTree = "<group>";
		};
		8D38CA2E2BA95E250049D11F /* Assets */ = {
			isa = PBXGroup;
			children = (
				8D38CA212BA95D9A0049D11F /* Assets.xcassets */,
			);
			path = Assets;
			sourceTree = "<group>";
		};
		8D38CA2F2BA95E350049D11F /* Controllers */ = {
			isa = PBXGroup;
			children = (
				8D263E002BB3DFC0007BE172 /* AstroTalkORGControllers */,
				8D4130342BAE9B9C00B86223 /* PhotoGallaryVC */,
				8D25DB982BADE02300468B3F /* MyDetailsVC */,
				8D6225CC2BABCEF300B58896 /* LogInScreenControllers */,
				8D6225CD2BABCF1300B58896 /* SignUPScreenControllers */,
				8D52D61E2BAC4899008CDB32 /* AstroralkLoginVC */,
				8DB0711D2BB7B69100D5B7F0 /* TabVC */,
				8DE83A0C2BB9138900A9AF78 /* HiTechApp */,
				8DE5698B2BB97A280043AA40 /* SideMenu */,
			);
			path = Controllers;
			sourceTree = "<group>";
		};
		8D4130342BAE9B9C00B86223 /* PhotoGallaryVC */ = {
			isa = PBXGroup;
			children = (
				8D4130352BAE9BE300B86223 /* PhotoGallaryVC.swift */,
				8D4130372BAEA4BE00B86223 /* PhotoGallaryCollectionViewCell.swift */,
				8D4130382BAEA4BE00B86223 /* PhotoGallaryCollectionViewCell.xib */,
			);
			path = PhotoGallaryVC;
			sourceTree = "<group>";
		};
		8D52D61E2BAC4899008CDB32 /* AstroralkLoginVC */ = {
			isa = PBXGroup;
			children = (
				8D65D5BF2BACAE05007FF9B0 /* AstrotalkSignInControllers */,
				8D65D5C02BACAE35007FF9B0 /* AstrotalkSignUpControllers */,
			);
			path = AstroralkLoginVC;
			sourceTree = "<group>";
		};
		8D6225CC2BABCEF300B58896 /* LogInScreenControllers */ = {
			isa = PBXGroup;
			children = (
				8D38CA332BA9637D0049D11F /* LoginVC.swift */,
				8D38CA352BA978D90049D11F /* LoginVC+CustomMethods.swift */,
			);
			path = LogInScreenControllers;
			sourceTree = "<group>";
		};
		8D6225CD2BABCF1300B58896 /* SignUPScreenControllers */ = {
			isa = PBXGroup;
			children = (
				8D6225CA2BABCEBF00B58896 /* SignUpVC.swift */,
				8D6225CE2BABCF3800B58896 /* SignUpVC+CustomMethods.swift */,
			);
			path = SignUPScreenControllers;
			sourceTree = "<group>";
		};
		8D6225D02BABDE9E00B58896 /* CommonFiles */ = {
			isa = PBXGroup;
			children = (
				8D263DFE2BB3DF40007BE172 /* UIView+Extension.swift */,
			);
			path = CommonFiles;
			sourceTree = "<group>";
		};
		8D65D5BF2BACAE05007FF9B0 /* AstrotalkSignInControllers */ = {
			isa = PBXGroup;
			children = (
				8D52D6212BAC48F2008CDB32 /* AstrotalkLoginVC.swift */,
				8D52D6232BAC49AA008CDB32 /* AstrotalkLoginVC+CustomMethods.swift */,
			);
			path = AstrotalkSignInControllers;
			sourceTree = "<group>";
		};
		8D65D5C02BACAE35007FF9B0 /* AstrotalkSignUpControllers */ = {
			isa = PBXGroup;
			children = (
				8D65D5BB2BACAD9D007FF9B0 /* AstrotalkSignUpVC.swift */,
				8D65D5BD2BACADB6007FF9B0 /* AstrotalkSignUpVC+CustomMethods.swift */,
			);
			path = AstrotalkSignUpControllers;
			sourceTree = "<group>";
		};
		8DB0711D2BB7B69100D5B7F0 /* TabVC */ = {
			isa = PBXGroup;
			children = (
				8DB0711E2BB7B6D300D5B7F0 /* HomePage.swift */,
				8DB071202BB7B74000D5B7F0 /* GamePage.swift */,
				8DB071262BB7B7AB00D5B7F0 /* AppleTVPage.swift */,
				8DB071242BB7B77500D5B7F0 /* AppsPage.swift */,
				8DB071222BB7B75800D5B7F0 /* SettingsPage.swift */,
			);
			path = TabVC;
			sourceTree = "<group>";
		};
		8DE5698B2BB97A280043AA40 /* SideMenu */ = {
			isa = PBXGroup;
			children = (
				8DE5698E2BB985E00043AA40 /* HomePageVC.swift */,
				8DE569902BB988F90043AA40 /* HomePageVC+CustomMethods.swift */,
				8DE5698C2BB97A600043AA40 /* SideMenuPageVC.swift */,
				8DE569922BB98CCF0043AA40 /* SideMenuPageVC+CustomMethods.swift */,
			);
			path = SideMenu;
			sourceTree = "<group>";
		};
		8DE83A0C2BB9138900A9AF78 /* HiTechApp */ = {
			isa = PBXGroup;
			children = (
				8DE83A142BB913B900A9AF78 /* GetStartedScreen */,
				8DE83A112BB913B900A9AF78 /* Auth */,
			);
			path = HiTechApp;
			sourceTree = "<group>";
		};
		8DE83A112BB913B900A9AF78 /* Auth */ = {
			isa = PBXGroup;
			children = (
				8DE83A1B2BB913E700A9AF78 /* LoginScreen */,
				8DE83A1C2BB913F800A9AF78 /* SignUpScreen */,
			);
			path = Auth;
			sourceTree = "<group>";
		};
		8DE83A142BB913B900A9AF78 /* GetStartedScreen */ = {
			isa = PBXGroup;
			children = (
				8DE83A122BB913B900A9AF78 /* GetStartedViewC.swift */,
				8DE83A132BB913B900A9AF78 /* GetStartedViewC+CustomMethods.swift */,
			);
			path = GetStartedScreen;
			sourceTree = "<group>";
		};
		8DE83A1B2BB913E700A9AF78 /* LoginScreen */ = {
			isa = PBXGroup;
			children = (
				8DE83A0D2BB913B900A9AF78 /* LoginViewC.swift */,
				8DE83A0E2BB913B900A9AF78 /* LoginViewC+CustomMethods.swift */,
			);
			path = LoginScreen;
			sourceTree = "<group>";
		};
		8DE83A1C2BB913F800A9AF78 /* SignUpScreen */ = {
			isa = PBXGroup;
			children = (
				8DE83A0F2BB913B900A9AF78 /* SignupViewC.swift */,
				8DE83A102BB913B900A9AF78 /* SignupViewC+CustomMethods.swift */,
			);
			path = SignUpScreen;
			sourceTree = "<group>";
		};
/* End PBXGroup section */

/* Begin PBXNativeTarget section */
		8D38CA142BA95D980049D11F /* FoodPie_LoginScreenDesign_iOS_UIKit */ = {
			isa = PBXNativeTarget;
			buildConfigurationList = 8D38CA292BA95D9A0049D11F /* Build configuration list for PBXNativeTarget "FoodPie_LoginScreenDesign_iOS_UIKit" */;
			buildPhases = (
				8D38CA112BA95D980049D11F /* Sources */,
				8D38CA122BA95D980049D11F /* Frameworks */,
				8D38CA132BA95D980049D11F /* Resources */,
			);
			buildRules = (
			);
			dependencies = (
			);
			name = FoodPie_LoginScreenDesign_iOS_UIKit;
			productName = FoodPie_LoginScreenDesign_iOS_UIKit;
			productReference = 8D38CA152BA95D980049D11F /* FoodPie_LoginScreenDesign_iOS_UIKit.app */;
			productType = "com.apple.product-type.application";
		};
/* End PBXNativeTarget section */

/* Begin PBXProject section */
		8D38CA0D2BA95D980049D11F /* Project object */ = {
			isa = PBXProject;
			attributes = {
				BuildIndependentTargetsInParallel = 1;
				LastSwiftUpdateCheck = 1530;
				LastUpgradeCheck = 1530;
				TargetAttributes = {
					8D38CA142BA95D980049D11F = {
						CreatedOnToolsVersion = 15.3;
					};
				};
			};
			buildConfigurationList = 8D38CA102BA95D980049D11F /* Build configuration list for PBXProject "FoodPie_LoginScreenDesign_iOS_UIKit" */;
			compatibilityVersion = "Xcode 14.0";
			developmentRegion = en;
			hasScannedForEncodings = 0;
			knownRegions = (
				en,
				Base,
			);
			mainGroup = 8D38CA0C2BA95D980049D11F;
			productRefGroup = 8D38CA162BA95D980049D11F /* Products */;
			projectDirPath = "";
			projectRoot = "";
			targets = (
				8D38CA142BA95D980049D11F /* FoodPie_LoginScreenDesign_iOS_UIKit */,
			);
		};
/* End PBXProject section */

/* Begin PBXResourcesBuildPhase section */
		8D38CA132BA95D980049D11F /* Resources */ = {
			isa = PBXResourcesBuildPhase;
			buildActionMask = 2147483647;
			files = (
				8D38CA222BA95D9A0049D11F /* Assets.xcassets in Resources */,
				8D41303A2BAEA4BE00B86223 /* PhotoGallaryCollectionViewCell.xib in Resources */,
				8D38CA252BA95D9A0049D11F /* Base in Resources */,
				8D38CA202BA95D980049D11F /* Base in Resources */,
				8D38CA322BA95F830049D11F /* Home.storyboard in Resources */,
			);
			runOnlyForDeploymentPostprocessing = 0;
		};
/* End PBXResourcesBuildPhase section */

/* Begin PBXSourcesBuildPhase section */
		8D38CA112BA95D980049D11F /* Sources */ = {
			isa = PBXSourcesBuildPhase;
			buildActionMask = 2147483647;
			files = (
				8DE83A182BB913B900A9AF78 /* SignupViewC+CustomMethods.swift in Sources */,
				8DB071272BB7B7AB00D5B7F0 /* AppleTVPage.swift in Sources */,
				8D263E042BB3E127007BE172 /* LoginScreenVC+CustomMethods.swift in Sources */,
				8DB071252BB7B77500D5B7F0 /* AppsPage.swift in Sources */,
				8D263E022BB3DFFC007BE172 /* LoginScreenVC.swift in Sources */,
				8DB071212BB7B74000D5B7F0 /* GamePage.swift in Sources */,
				8DE83A152BB913B900A9AF78 /* LoginViewC.swift in Sources */,
				8D25DB972BADDEAF00468B3F /* MyDetailsModel.swift in Sources */,
				8DB071232BB7B75800D5B7F0 /* SettingsPage.swift in Sources */,
				8D38CA1D2BA95D980049D11F /* ViewController.swift in Sources */,
				8DE5698F2BB985E00043AA40 /* HomePageVC.swift in Sources */,
				8D38CA362BA978D90049D11F /* LoginVC+CustomMethods.swift in Sources */,
				8D52D6242BAC49AA008CDB32 /* AstrotalkLoginVC+CustomMethods.swift in Sources */,
				8D38CA192BA95D980049D11F /* AppDelegate.swift in Sources */,
				8D38CA342BA9637D0049D11F /* LoginVC.swift in Sources */,
				8DE83A172BB913B900A9AF78 /* SignupViewC.swift in Sources */,
				8DE83A1A2BB913BA00A9AF78 /* GetStartedViewC+CustomMethods.swift in Sources */,
				8DE569932BB98CCF0043AA40 /* SideMenuPageVC+CustomMethods.swift in Sources */,
				8D52D6222BAC48F2008CDB32 /* AstrotalkLoginVC.swift in Sources */,
				8DE5698D2BB97A600043AA40 /* SideMenuPageVC.swift in Sources */,
				8DE83A192BB913BA00A9AF78 /* GetStartedViewC.swift in Sources */,
				8DE83A162BB913B900A9AF78 /* LoginViewC+CustomMethods.swift in Sources */,
				8D25DB9A2BADE04300468B3F /* MyDetailsVC.swift in Sources */,
				8DB0711F2BB7B6D300D5B7F0 /* HomePage.swift in Sources */,
				8D4130332BAE9ABB00B86223 /* PhotoDetailsModelClass.swift in Sources */,
				8D65D5BE2BACADB6007FF9B0 /* AstrotalkSignUpVC+CustomMethods.swift in Sources */,
				8DE569912BB988F90043AA40 /* HomePageVC+CustomMethods.swift in Sources */,
				8D65D5BC2BACAD9D007FF9B0 /* AstrotalkSignUpVC.swift in Sources */,
				8D4130392BAEA4BE00B86223 /* PhotoGallaryCollectionViewCell.swift in Sources */,
				8D263DFF2BB3DF40007BE172 /* UIView+Extension.swift in Sources */,
				8D6225CB2BABCEBF00B58896 /* SignUpVC.swift in Sources */,
				8D38CA1B2BA95D980049D11F /* SceneDelegate.swift in Sources */,
				8D4130362BAE9BE300B86223 /* PhotoGallaryVC.swift in Sources */,
				8D6225CF2BABCF3900B58896 /* SignUpVC+CustomMethods.swift in Sources */,
			);
			runOnlyForDeploymentPostprocessing = 0;
		};
/* End PBXSourcesBuildPhase section */

/* Begin PBXVariantGroup section */
		8D38CA1E2BA95D980049D11F /* Main.storyboard */ = {
			isa = PBXVariantGroup;
			children = (
				8D38CA1F2BA95D980049D11F /* Base */,
			);
			name = Main.storyboard;
			sourceTree = "<group>";
		};
		8D38CA232BA95D9A0049D11F /* LaunchScreen.storyboard */ = {
			isa = PBXVariantGroup;
			children = (
				8D38CA242BA95D9A0049D11F /* Base */,
			);
			name = LaunchScreen.storyboard;
			sourceTree = "<group>";
		};
/* End PBXVariantGroup section */

/* Begin XCBuildConfiguration section */
		8D38CA272BA95D9A0049D11F /* Debug */ = {
			isa = XCBuildConfiguration;
			buildSettings = {
				ALWAYS_SEARCH_USER_PATHS = NO;
				ASSETCATALOG_COMPILER_GENERATE_SWIFT_ASSET_SYMBOL_EXTENSIONS = YES;
				CLANG_ANALYZER_NONNULL = YES;
				CLANG_ANALYZER_NUMBER_OBJECT_CONVERSION = YES_AGGRESSIVE;
				CLANG_CXX_LANGUAGE_STANDARD = "gnu++20";
				CLANG_ENABLE_MODULES = YES;
				CLANG_ENABLE_OBJC_ARC = YES;
				CLANG_ENABLE_OBJC_WEAK = YES;
				CLANG_WARN_BLOCK_CAPTURE_AUTORELEASING = YES;
				CLANG_WARN_BOOL_CONVERSION = YES;
				CLANG_WARN_COMMA = YES;
				CLANG_WARN_CONSTANT_CONVERSION = YES;
				CLANG_WARN_DEPRECATED_OBJC_IMPLEMENTATIONS = YES;
				CLANG_WARN_DIRECT_OBJC_ISA_USAGE = YES_ERROR;
				CLANG_WARN_DOCUMENTATION_COMMENTS = YES;
				CLANG_WARN_EMPTY_BODY = YES;
				CLANG_WARN_ENUM_CONVERSION = YES;
				CLANG_WARN_INFINITE_RECURSION = YES;
				CLANG_WARN_INT_CONVERSION = YES;
				CLANG_WARN_NON_LITERAL_NULL_CONVERSION = YES;
				CLANG_WARN_OBJC_IMPLICIT_RETAIN_SELF = YES;
				CLANG_WARN_OBJC_LITERAL_CONVERSION = YES;
				CLANG_WARN_OBJC_ROOT_CLASS = YES_ERROR;
				CLANG_WARN_QUOTED_INCLUDE_IN_FRAMEWORK_HEADER = YES;
				CLANG_WARN_RANGE_LOOP_ANALYSIS = YES;
				CLANG_WARN_STRICT_PROTOTYPES = YES;
				CLANG_WARN_SUSPICIOUS_MOVE = YES;
				CLANG_WARN_UNGUARDED_AVAILABILITY = YES_AGGRESSIVE;
				CLANG_WARN_UNREACHABLE_CODE = YES;
				CLANG_WARN__DUPLICATE_METHOD_MATCH = YES;
				COPY_PHASE_STRIP = NO;
				DEBUG_INFORMATION_FORMAT = dwarf;
				ENABLE_STRICT_OBJC_MSGSEND = YES;
				ENABLE_TESTABILITY = YES;
				ENABLE_USER_SCRIPT_SANDBOXING = YES;
				GCC_C_LANGUAGE_STANDARD = gnu17;
				GCC_DYNAMIC_NO_PIC = NO;
				GCC_NO_COMMON_BLOCKS = YES;
				GCC_OPTIMIZATION_LEVEL = 0;
				GCC_PREPROCESSOR_DEFINITIONS = (
					"DEBUG=1",
					"$(inherited)",
				);
				GCC_WARN_64_TO_32_BIT_CONVERSION = YES;
				GCC_WARN_ABOUT_RETURN_TYPE = YES_ERROR;
				GCC_WARN_UNDECLARED_SELECTOR = YES;
				GCC_WARN_UNINITIALIZED_AUTOS = YES_AGGRESSIVE;
				GCC_WARN_UNUSED_FUNCTION = YES;
				GCC_WARN_UNUSED_VARIABLE = YES;
				IPHONEOS_DEPLOYMENT_TARGET = 17.4;
				LOCALIZATION_PREFERS_STRING_CATALOGS = YES;
				MTL_ENABLE_DEBUG_INFO = INCLUDE_SOURCE;
				MTL_FAST_MATH = YES;
				ONLY_ACTIVE_ARCH = YES;
				SDKROOT = iphoneos;
				SWIFT_ACTIVE_COMPILATION_CONDITIONS = "DEBUG $(inherited)";
				SWIFT_OPTIMIZATION_LEVEL = "-Onone";
			};
			name = Debug;
		};
		8D38CA282BA95D9A0049D11F /* Release */ = {
			isa = XCBuildConfiguration;
			buildSettings = {
				ALWAYS_SEARCH_USER_PATHS = NO;
				ASSETCATALOG_COMPILER_GENERATE_SWIFT_ASSET_SYMBOL_EXTENSIONS = YES;
				CLANG_ANALYZER_NONNULL = YES;
				CLANG_ANALYZER_NUMBER_OBJECT_CONVERSION = YES_AGGRESSIVE;
				CLANG_CXX_LANGUAGE_STANDARD = "gnu++20";
				CLANG_ENABLE_MODULES = YES;
				CLANG_ENABLE_OBJC_ARC = YES;
				CLANG_ENABLE_OBJC_WEAK = YES;
				CLANG_WARN_BLOCK_CAPTURE_AUTORELEASING = YES;
				CLANG_WARN_BOOL_CONVERSION = YES;
				CLANG_WARN_COMMA = YES;
				CLANG_WARN_CONSTANT_CONVERSION = YES;
				CLANG_WARN_DEPRECATED_OBJC_IMPLEMENTATIONS = YES;
				CLANG_WARN_DIRECT_OBJC_ISA_USAGE = YES_ERROR;
				CLANG_WARN_DOCUMENTATION_COMMENTS = YES;
				CLANG_WARN_EMPTY_BODY = YES;
				CLANG_WARN_ENUM_CONVERSION = YES;
				CLANG_WARN_INFINITE_RECURSION = YES;
				CLANG_WARN_INT_CONVERSION = YES;
				CLANG_WARN_NON_LITERAL_NULL_CONVERSION = YES;
				CLANG_WARN_OBJC_IMPLICIT_RETAIN_SELF = YES;
				CLANG_WARN_OBJC_LITERAL_CONVERSION = YES;
				CLANG_WARN_OBJC_ROOT_CLASS = YES_ERROR;
				CLANG_WARN_QUOTED_INCLUDE_IN_FRAMEWORK_HEADER = YES;
				CLANG_WARN_RANGE_LOOP_ANALYSIS = YES;
				CLANG_WARN_STRICT_PROTOTYPES = YES;
				CLANG_WARN_SUSPICIOUS_MOVE = YES;
				CLANG_WARN_UNGUARDED_AVAILABILITY = YES_AGGRESSIVE;
				CLANG_WARN_UNREACHABLE_CODE = YES;
				CLANG_WARN__DUPLICATE_METHOD_MATCH = YES;
				COPY_PHASE_STRIP = NO;
				DEBUG_INFORMATION_FORMAT = "dwarf-with-dsym";
				ENABLE_NS_ASSERTIONS = NO;
				ENABLE_STRICT_OBJC_MSGSEND = YES;
				ENABLE_USER_SCRIPT_SANDBOXING = YES;
				GCC_C_LANGUAGE_STANDARD = gnu17;
				GCC_NO_COMMON_BLOCKS = YES;
				GCC_WARN_64_TO_32_BIT_CONVERSION = YES;
				GCC_WARN_ABOUT_RETURN_TYPE = YES_ERROR;
				GCC_WARN_UNDECLARED_SELECTOR = YES;
				GCC_WARN_UNINITIALIZED_AUTOS = YES_AGGRESSIVE;
				GCC_WARN_UNUSED_FUNCTION = YES;
				GCC_WARN_UNUSED_VARIABLE = YES;
				IPHONEOS_DEPLOYMENT_TARGET = 17.4;
				LOCALIZATION_PREFERS_STRING_CATALOGS = YES;
				MTL_ENABLE_DEBUG_INFO = NO;
				MTL_FAST_MATH = YES;
				SDKROOT = iphoneos;
				SWIFT_COMPILATION_MODE = wholemodule;
				VALIDATE_PRODUCT = YES;
			};
			name = Release;
		};
		8D38CA2A2BA95D9A0049D11F /* Debug */ = {
			isa = XCBuildConfiguration;
			buildSettings = {
				ASSETCATALOG_COMPILER_APPICON_NAME = AppIcon;
				ASSETCATALOG_COMPILER_GLOBAL_ACCENT_COLOR_NAME = AccentColor;
				CODE_SIGN_STYLE = Automatic;
				CURRENT_PROJECT_VERSION = 1;
				GENERATE_INFOPLIST_FILE = YES;
				INFOPLIST_FILE = FoodPie_LoginScreenDesign_iOS_UIKit/Info.plist;
				INFOPLIST_KEY_UIApplicationSupportsIndirectInputEvents = YES;
				INFOPLIST_KEY_UILaunchStoryboardName = LaunchScreen;
				INFOPLIST_KEY_UIMainStoryboardFile = Main;
				INFOPLIST_KEY_UISupportedInterfaceOrientations_iPad = "UIInterfaceOrientationPortrait UIInterfaceOrientationPortraitUpsideDown UIInterfaceOrientationLandscapeLeft UIInterfaceOrientationLandscapeRight";
				INFOPLIST_KEY_UISupportedInterfaceOrientations_iPhone = "UIInterfaceOrientationPortrait UIInterfaceOrientationLandscapeLeft UIInterfaceOrientationLandscapeRight";
				LD_RUNPATH_SEARCH_PATHS = (
					"$(inherited)",
					"@executable_path/Frameworks",
				);
				MARKETING_VERSION = 1.0;
				PRODUCT_BUNDLE_IDENTIFIER = "atslab.com.FoodPie-LoginScreenDesign-iOS-UIKit";
				PRODUCT_NAME = "$(TARGET_NAME)";
				SWIFT_EMIT_LOC_STRINGS = YES;
				SWIFT_VERSION = 5.0;
				TARGETED_DEVICE_FAMILY = "1,2";
			};
			name = Debug;
		};
		8D38CA2B2BA95D9A0049D11F /* Release */ = {
			isa = XCBuildConfiguration;
			buildSettings = {
				ASSETCATALOG_COMPILER_APPICON_NAME = AppIcon;
				ASSETCATALOG_COMPILER_GLOBAL_ACCENT_COLOR_NAME = AccentColor;
				CODE_SIGN_STYLE = Automatic;
				CURRENT_PROJECT_VERSION = 1;
				GENERATE_INFOPLIST_FILE = YES;
				INFOPLIST_FILE = FoodPie_LoginScreenDesign_iOS_UIKit/Info.plist;
				INFOPLIST_KEY_UIApplicationSupportsIndirectInputEvents = YES;
				INFOPLIST_KEY_UILaunchStoryboardName = LaunchScreen;
				INFOPLIST_KEY_UIMainStoryboardFile = Main;
				INFOPLIST_KEY_UISupportedInterfaceOrientations_iPad = "UIInterfaceOrientationPortrait UIInterfaceOrientationPortraitUpsideDown UIInterfaceOrientationLandscapeLeft UIInterfaceOrientationLandscapeRight";
				INFOPLIST_KEY_UISupportedInterfaceOrientations_iPhone = "UIInterfaceOrientationPortrait UIInterfaceOrientationLandscapeLeft UIInterfaceOrientationLandscapeRight";
				LD_RUNPATH_SEARCH_PATHS = (
					"$(inherited)",
					"@executable_path/Frameworks",
				);
				MARKETING_VERSION = 1.0;
				PRODUCT_BUNDLE_IDENTIFIER = "atslab.com.FoodPie-LoginScreenDesign-iOS-UIKit";
				PRODUCT_NAME = "$(TARGET_NAME)";
				SWIFT_EMIT_LOC_STRINGS = YES;
				SWIFT_VERSION = 5.0;
				TARGETED_DEVICE_FAMILY = "1,2";
			};
			name = Release;
		};
/* End XCBuildConfiguration section */

/* Begin XCConfigurationList section */
		8D38CA102BA95D980049D11F /* Build configuration list for PBXProject "FoodPie_LoginScreenDesign_iOS_UIKit" */ = {
			isa = XCConfigurationList;
			buildConfigurations = (
				8D38CA272BA95D9A0049D11F /* Debug */,
				8D38CA282BA95D9A0049D11F /* Release */,
			);
			defaultConfigurationIsVisible = 0;
			defaultConfigurationName = Release;
		};
		8D38CA292BA95D9A0049D11F /* Build configuration list for PBXNativeTarget "FoodPie_LoginScreenDesign_iOS_UIKit" */ = {
			isa = XCConfigurationList;
			buildConfigurations = (
				8D38CA2A2BA95D9A0049D11F /* Debug */,
				8D38CA2B2BA95D9A0049D11F /* Release */,
			);
			defaultConfigurationIsVisible = 0;
			defaultConfigurationName = Release;
		};
/* End XCConfigurationList section */
	};
	rootObject = 8D38CA0D2BA95D980049D11F /* Project object */;
}
